{
  "name": "any-to-utf8",
  "version": "1.0.4",
  "lockfileVersion": 1,
  "requires": true,
  "dependencies": {
    "bindings": {
      "version": "1.5.0",
      "resolved": "https://registry.npmjs.org/bindings/-/bindings-1.5.0.tgz",
      "integrity": "sha512-p2q/t/mhvuOj/UeLlV6566GD/guowlr0hHxClI0W9m7MWYkL1F0hLo+0Aexs9HSPCtR1SXQ0TD3MMKrXZajbiQ==",
      "requires": {
        "file-uri-to-path": "1.0.0"
      }
    },
    "ced": {
      "version": "1.0.0",
      "resolved": "https://registry.npmjs.org/ced/-/ced-1.0.0.tgz",
      "integrity": "sha512-Ud3ltdMCO3XMaclGtBGAuV+rNTx/lOwXukEf2pjtmk8CjGRhgACUtbHSQnty/wDn3ZPSz+gv1FS5jiiXH5g8Bw==",
      "requires": {
        "bindings": "^1.3.0"
      }
    },
    "file-uri-to-path": {
      "version": "1.0.0",
      "resolved": "https://registry.npmjs.org/file-uri-to-path/-/file-uri-to-path-1.0.0.tgz",
      "integrity": "sha512-0Zt+s3L7Vf1biwWZ29aARiVYLx7iMGnEUl9x33fbB/j3jR81u/O2LbqK+Bm1CDSNDKVtJ/YjwY7TUd5SkeLQLw=="
    },
    "iconv": {
      "version": "2.3.4",
      "resolved": "https://registry.npmjs.org/iconv/-/iconv-2.3.4.tgz",
      "integrity": "sha512-v2Rree7xRtrC9o3Bi9nTNOKXvApmwLFdX50k72+K1W4mJ93LBdpaLcHcInYo9gr/GcQk8MFoCetrYRcb/o3RLg==",
      "requires": {
        "nan": "^2.13.1",
        "safer-buffer": "^2.1.2"
      }
    },
    "iconv-lite": {
      "version": "0.4.24",
      "resolved": "https://registry.npmjs.org/iconv-lite/-/iconv-lite-0.4.24.tgz",
      "integrity": "sha512-v3MXnZAcvnywkTUEZomIActle7RXXeedOR31wwl7VlyoXO4Qi9arvSenNQWne1TcRwhCL1HwLI21bEqdpj8/rA==",
      "requires": {
        "safer-buffer": ">= 2.1.2 < 3"
      }
    },
    "lodash": {
      "version": "4.17.19",
      "resolved": "https://registry.npmjs.org/lodash/-/lodash-4.17.19.tgz",
      "integrity": "sha512-JNvd8XER9GQX0v2qJgsaN/mzFCNA5BRe/j8JN9d+tWyGLSodKQHKFicdwNYzWwI3wjRnaKPsGj1XkBjx/F96DQ=="
    },
    "nan": {
      "version": "2.14.0",
      "resolved": "https://registry.npmjs.org/nan/-/nan-2.14.0.tgz",
      "integrity": "sha512-INOFj37C7k3AfaNTtX8RhsTw7qRy7eLET14cROi9+5HAVbbHuIWUHEauBv5qT4Av2tWasiTY1Jw6puUNqRJXQg=="
    },
    "safer-buffer": {
      "version": "2.1.2",
      "resolved": "https://registry.npmjs.org/safer-buffer/-/safer-buffer-2.1.2.tgz",
      "integrity": "sha512-YZo3K82SD7Riyi0E1EQPojLz7kpepnSQI9IyPbHHg1XXXevb5dJI7tpyN2ADxGcQbHG7vcyRHk0cbwqcQriUtg=="
    },
    "stream-buffers": {
      "version": "3.0.2",
      "resolved": "https://registry.npmjs.org/stream-buffers/-/stream-buffers-3.0.2.tgz",
      "integrity": "sha512-DQi1h8VEBA/lURbSwFtEHnSTb9s2/pwLEaFuNhXwy1Dx3Sa0lOuYT2yNUr4/j2fs8oCAMANtrZ5OrPZtyVs3MQ=="
    }
  }
}
